github.com/andreykaipov/goobs v0.12.0 h1:EsV3QzqWO+FsrLFbzzKsZuHsdFAGp7F0nG9OiDWdaVs=
github.com/andreykaipov/goobs v0.12.0/go.mod h1:EqG73Uu/4npyhXIWWszgRelNkEeIz+d0slUT6NKWYs4=
github.com/buger/jsonparser v1.1.1 h1:2PnMjfWD7wBILjqQbt530v576A/cAbQvEW9gGIpYMUs=
github.com/buger/jsonparser v1.1.1/go.mod h1:6RYKKt7H4d4+iWqouImQ9R2FZql3VbhNgx27UK13J/0=
github.com/creack/pty v1.1.9/go.mod h1:oKZEueFk5CKHvIhNR5MUki03XCEU+Q6VDXinZuGJ33E=
github.com/davecgh/go-spew v1.1.1 h1:vj9j/u1bqnvCEfJOwUhtlOARqs3+rkHYY13jYWTU97c=
github.com/davecgh/go-spew v1.1.1/go.mod h1:J7Y8YcW2NihsgmVo/mv3lAwl/skON4iLHjSsI+c5H38=
github.com/eclipse/paho.mqtt.golang v1.4.2 h1:66wOzfUHSSI1zamx7jR6yMEI5EuHnT1G6rNA5PM12m4=
github.com/eclipse/paho.mqtt.golang v1.4.2/go.mod h1:JGt0RsEwEX+Xa/agj90YJ9d9DH2b7upDZMK9HRbFvCA=
github.com/gkstretton/asol-protos v0.0.8-0.20230331185456-7163a6e915d4 h1:FET0zOtFjbq1JuRcY7P7Mn50qe1HBoWzpWw0NRuLhjs=
github.com/gkstretton/asol-protos v0.0.8-0.20230331185456-7163a6e915d4/go.mod h1:zJPBi+kKaLCu/+qpuZmxEC8E7DqyACjktPXCx2cNufE=
github.com/gkstretton/asol-protos v0.0.8-0.20230414174902-b7405ef5bfbc h1:xlu/9zBdw+7PSsmwbmSrdvciAIUInFBFagU8rCNg1QM=
github.com/gkstretton/asol-protos v0.0.8-0.20230414174902-b7405ef5bfbc/go.mod h1:zJPBi+kKaLCu/+qpuZmxEC8E7DqyACjktPXCx2cNufE=
github.com/gkstretton/asol-protos v0.0.8-0.20230414175703-8d4259118c02 h1:JuzjATzA65mZB7QNg1MvIKEe8+CQHMsI6pA8bGYd5IA=
github.com/gkstretton/asol-protos v0.0.8-0.20230414175703-8d4259118c02/go.mod h1:zJPBi+kKaLCu/+qpuZmxEC8E7DqyACjktPXCx2cNufE=
github.com/gkstretton/asol-protos v0.0.8-0.20230415105152-cf8d471a6244 h1:SjgMWhXIqkkTIj31euLKLmi1ZGRQDfkGXBDpl1jwfSg=
github.com/gkstretton/asol-protos v0.0.8-0.20230415105152-cf8d471a6244/go.mod h1:zJPBi+kKaLCu/+qpuZmxEC8E7DqyACjktPXCx2cNufE=
github.com/gkstretton/asol-protos v0.0.8-0.20230415175457-a791ed904391 h1:SYKl/APYgKQFOlN2973FYwq49lvc++ITDiFnJ8ym8eQ=
github.com/gkstretton/asol-protos v0.0.8-0.20230415175457-a791ed904391/go.mod h1:zJPBi+kKaLCu/+qpuZmxEC8E7DqyACjktPXCx2cNufE=
github.com/gkstretton/asol-protos v0.0.8-0.20230415181348-21f25760787a h1:E1D6/RPUaQey0bgqRenoNd/nGsr5iS5A2DZJxRF6FAw=
github.com/gkstretton/asol-protos v0.0.8-0.20230415181348-21f25760787a/go.mod h1:zJPBi+kKaLCu/+qpuZmxEC8E7DqyACjktPXCx2cNufE=
github.com/gkstretton/asol-protos v0.0.8-0.20230427183333-8b3d70bed57c h1:Ykek1eOruP9wpRJujquihdGaxLY2JGpPdSr9Fvl7aho=
github.com/gkstretton/asol-protos v0.0.8-0.20230427183333-8b3d70bed57c/go.mod h1:zJPBi+kKaLCu/+qpuZmxEC8E7DqyACjktPXCx2cNufE=
github.com/gkstretton/asol-protos v0.0.8-0.20230427184724-168176490dd4 h1:8HkPo8nPvxF0JcVFtlvoX/kAY4UnmOF6Ffv49w4LKnE=
github.com/gkstretton/asol-protos v0.0.8-0.20230427184724-168176490dd4/go.mod h1:zJPBi+kKaLCu/+qpuZmxEC8E7DqyACjktPXCx2cNufE=
github.com/gkstretton/asol-protos v0.0.9-0.20230515082048-ab6cd710244d h1:lK1gxkuOUWT/HVXAcJnn8N7aGSorDA6hqxteu67rNug=
github.com/gkstretton/asol-protos v0.0.9-0.20230515082048-ab6cd710244d/go.mod h1:zJPBi+kKaLCu/+qpuZmxEC8E7DqyACjktPXCx2cNufE=
github.com/gkstretton/asol-protos v0.0.9-0.20230515082832-ed9a6ce74ed5 h1:A65PijQHJa2rQGbCrQhOj2nBKa9XMztfNOYfKMAIIcQ=
github.com/gkstretton/asol-protos v0.0.9-0.20230515082832-ed9a6ce74ed5/go.mod h1:zJPBi+kKaLCu/+qpuZmxEC8E7DqyACjktPXCx2cNufE=
github.com/gkstretton/asol-protos v0.0.9-0.20230515084359-117f511294fb h1:6MMCAquybKEAUwyIrHAfANuS08/kACK6hPjQMdu04ls=
github.com/gkstretton/asol-protos v0.0.9-0.20230515084359-117f511294fb/go.mod h1:zJPBi+kKaLCu/+qpuZmxEC8E7DqyACjktPXCx2cNufE=
github.com/gkstretton/dark/services/goo v0.0.0-20230331211249-6d50852a35b3 h1:LgqziAneYsCuRbPDT1YtdFD4hVT3p0ojGXBlApuLips=
github.com/gkstretton/dark/services/goo v0.0.0-20230331211249-6d50852a35b3/go.mod h1:epq83l+VPRIkPn1rvTN8jPMUVxif0kfUIQaEyc/AXjA=
github.com/gkstretton/dark/services/goo v0.0.0-20230401055224-0e0a50b8fe81 h1:SyqR/SQdQj6Dxg9lzq4JR7QtAyQkWD55baH4QK1XAD0=
github.com/gkstretton/dark/services/goo v0.0.0-20230401055224-0e0a50b8fe81/go.mod h1:epq83l+VPRIkPn1rvTN8jPMUVxif0kfUIQaEyc/AXjA=
github.com/gkstretton/dark/services/goo v0.0.0-20230401062025-9eec3cce6865 h1:usbRWahA29vsphodd1k4b2l5u92jrgufrusgTg3RmrA=
github.com/gkstretton/dark/services/goo v0.0.0-20230401062025-9eec3cce6865/go.mod h1:epq83l+VPRIkPn1rvTN8jPMUVxif0kfUIQaEyc/AXjA=
github.com/gkstretton/dark/services/goo v0.0.0-20230401062058-b02346ac1ed2 h1:HQHO+nBka/6a4RlTAuMsRsLLa4lgEiSPoBSqOD7VoUE=
github.com/gkstretton/dark/services/goo v0.0.0-20230401062058-b02346ac1ed2/go.mod h1:epq83l+VPRIkPn1rvTN8jPMUVxif0kfUIQaEyc/AXjA=
github.com/gkstretton/dark/services/goo v0.0.0-20230401135837-08a803a56e94 h1:6xWY8rr8NHAevDjGbJEv5+47YPP34AO1dZUfAyODCAw=
github.com/gkstretton/dark/services/goo v0.0.0-20230401135837-08a803a56e94/go.mod h1:epq83l+VPRIkPn1rvTN8jPMUVxif0kfUIQaEyc/AXjA=
github.com/gkstretton/dark/services/goo v0.0.0-20230401140259-6e01048942a7 h1:bPmBSL0QZt0qL4GGIxZa/fHb73oTb7ssQhf9BBTLpvs=
github.com/gkstretton/dark/services/goo v0.0.0-20230401140259-6e01048942a7/go.mod h1:epq83l+VPRIkPn1rvTN8jPMUVxif0kfUIQaEyc/AXjA=
github.com/gkstretton/dark/services/goo v0.0.0-20230401141239-44fcdbdb260e h1:bVIp/ZryNlhfUhjmnZBpkCBaAaGRSHvTfA0PxQyhxco=
github.com/gkstretton/dark/services/goo v0.0.0-20230401141239-44fcdbdb260e/go.mod h1:epq83l+VPRIkPn1rvTN8jPMUVxif0kfUIQaEyc/AXjA=
github.com/gkstretton/dark/services/goo v0.0.0-20230410143324-c8359bbe23d8 h1:NzTkwz/FJP3prL+hNPMEJPonsAY+k59h20/GyKqxlOQ=
github.com/gkstretton/dark/services/goo v0.0.0-20230410143324-c8359bbe23d8/go.mod h1:PAcdOGDhURLDdSUW0oV35XzCm8DcsBbsZ8qYX/ph+R4=
github.com/gkstretton/dark/services/goo v0.0.0-20230414193927-a7b696a8a75d h1:YCOmpL7Q6a2t8a9qB119HlznFYhe5T1yqRTVIY/EOXs=
github.com/gkstretton/dark/services/goo v0.0.0-20230414193927-a7b696a8a75d/go.mod h1:LlBlXKhyfZNq+PK2WkE1+RSYIP+Devt87CCjEtfTtBo=
github.com/gkstretton/dark/services/goo v0.0.0-20230415114645-7b1bbe17bf2d h1:hccSPJ7Z8qBvZD0AJjxgGRUR0O/iYP88Mg7FVKtioAg=
github.com/gkstretton/dark/services/goo v0.0.0-20230415114645-7b1bbe17bf2d/go.mod h1:ANU/+R5fGAKZbvrZ2jtZtIEx1vbj8gMCzi9HPibeEWs=
github.com/gkstretton/dark/services/goo v0.0.0-20230416200915-97d42dc66bfa h1:TxkhjqYwXp+vR9P7MzJGRJ7E/qSL8CCy9XR92eNZRVU=
github.com/gkstretton/dark/services/goo v0.0.0-20230416200915-97d42dc66bfa/go.mod h1:ardNmU7Ea/Jpfesaek5PFmSW4Z4rq1eInkLf12vh80o=
github.com/gkstretton/dark/services/goo v0.0.0-20230423192157-8d8a652c3657 h1:1C6XoxG7kDariUgRbjcOq5akwBY3q1LDoaB1/Vo52i4=
github.com/gkstretton/dark/services/goo v0.0.0-20230423192157-8d8a652c3657/go.mod h1:ardNmU7Ea/Jpfesaek5PFmSW4Z4rq1eInkLf12vh80o=
github.com/gkstretton/dark/services/goo v0.0.0-20230513083318-364a5d9b011e h1:O9DLHuY70tP0VVighBbWkY1qa2a95mD5IgwivxaTXuw=
github.com/gkstretton/dark/services/goo v0.0.0-20230513083318-364a5d9b011e/go.mod h1:3oXW8rfQ7lDCteEA4fTUrGJz4c3f53AXRpTb82hi6wI=
github.com/golang/protobuf v1.5.0/go.mod h1:FsONVRAS9T7sI+LIUmWTfcYkHO4aIWwzhcaSAoJOfIk=
github.com/google/go-cmp v0.5.5 h1:Khx7svrCpmxxtHBq5j2mp/xVjsi8hQMfNLvJFAlrGgU=
github.com/google/go-cmp v0.5.5/go.mod h1:v8dTdLbMG2kIc/vJvl+f65V22dbkXbowE6jgT/gNBxE=
github.com/gorilla/websocket v1.4.2/go.mod h1:YR8l580nyteQvAITg2hZ9XVh4b55+EU/adAjf1fMHhE=
github.com/gorilla/websocket v1.5.0 h1:PPwGk2jz7EePpoHN/+ClbZu8SPxiqlu12wZP/3sWmnc=
github.com/gorilla/websocket v1.5.0/go.mod h1:YR8l580nyteQvAITg2hZ9XVh4b55+EU/adAjf1fMHhE=
github.com/hashicorp/logutils v1.0.0 h1:dLEQVugN8vlakKOUE3ihGLTZJRB4j+M2cdTm/ORI65Y=
github.com/hashicorp/logutils v1.0.0/go.mod h1:QIAnNjmIWmVIIkWDTG1z5v++HQmx9WQRO+LraFDTW64=
github.com/kr/pretty v0.1.0 h1:L/CwN0zerZDmRFUapSPitk6f+Q3+0za1rQkzVuMiMFI=
github.com/kr/text v0.2.0 h1:5Nx0Ya0ZqY2ygV366QzturHI13Jq95ApcVaJBhpS+AY=
github.com/kr/text v0.2.0/go.mod h1:eLer722TekiGuMkidMxC/pM04lWEeraHUUmBw8l2grE=
github.com/nu7hatch/gouuid v0.0.0-20131221200532-179d4d0c4d8d h1:VhgPp6v9qf9Agr/56bj7Y/xa04UccTW04VP0Qed4vnQ=
github.com/nu7hatch/gouuid v0.0.0-20131221200532-179d4d0c4d8d/go.mod h1:YUTz3bUH2ZwIWBy3CJBeOBEugqcmXREj14T+iG/4k4U=
github.com/pmezard/go-difflib v1.0.0 h1:4DBwDE0NGyQoBHbLQYPwSUPoCMWR5BEzIk/f1lZbAQM=
github.com/stretchr/testify v1.8.1 h1:w7B6lhMri9wdJUVmEZPGGhZzrYTPvgJArz7wNPgYKsk=
golang.org/x/crypto v0.0.0-20190308221718-c2843e01d9a2/go.mod h1:djNgcEr1/C05ACkg1iLfiJU5Ep61QUkGW8qpdssI0+w=
golang.org/x/net v0.0.0-20200425230154-ff2c4b7c35a0/go.mod h1:qpuaurCH72eLCgpAm/N6yyVIVM9cpaDIP3A8BGJEC5A=
golang.org/x/net v0.8.0 h1:Zrh2ngAOFYneWTAIAPethzeaQLuHwhuBkuV6ZiRnUaQ=
golang.org/x/net v0.8.0/go.mod h1:QVkue5JL9kW//ek3r6jTKnTFis1tRmNAW2P1shuFdJc=
golang.org/x/net v0.9.0 h1:aWJ/m6xSmxWBx+V0XRHTlrYrPG56jKsLdTFmsSsCzOM=
golang.org/x/net v0.9.0/go.mod h1:d48xBJpPfHeWQsugry2m+kC02ZBRGRgulfHnEXEuWns=
golang.org/x/net v0.10.0 h1:X2//UzNDwYmtCLn7To6G58Wr6f5ahEAQgKNzv9Y951M=
golang.org/x/net v0.10.0/go.mod h1:0qNGK6F8kojg2nk9dLZ2mShWaEBan6FAoqfSigmmuDg=
golang.org/x/sync v0.0.0-20210220032951-036812b2e83c/go.mod h1:RxMgew5VJxzue5/jJTE5uejpjVlOe/izrB70Jof72aM=
golang.org/x/sync v0.1.0 h1:wsuoTGHzEhffawBOhz5CYhcrV4IdKZbEyZjBMuTp12o=
golang.org/x/sync v0.1.0/go.mod h1:RxMgew5VJxzue5/jJTE5uejpjVlOe/izrB70Jof72aM=
golang.org/x/sync v0.2.0 h1:PUR+T4wwASmuSTYdKjYHI5TD22Wy5ogLU5qZCOLxBrI=
golang.org/x/sync v0.2.0/go.mod h1:RxMgew5VJxzue5/jJTE5uejpjVlOe/izrB70Jof72aM=
golang.org/x/sys v0.0.0-20190215142949-d0b11bdaac8a/go.mod h1:STP8DvDyc/dI5b8T5hshtkjS+E42TnysNCUPdjciGhY=
golang.org/x/sys v0.0.0-20200323222414-85ca7c5b95cd/go.mod h1:h1NjWce9XRLGQEsW7wpKNCjG9DtNlClVuFLEZdDNbEs=
golang.org/x/text v0.3.0/go.mod h1:NqM8EUOU14njkJ3fqMW+pc6Ldnwhi/IjpwHt7yyuwOQ=
golang.org/x/xerrors v0.0.0-20191204190536-9bdfabe68543/go.mod h1:I/5z698sn9Ka8TeJc9MKroUUfqBBauWjQqLJ2OPfmY0=
golang.org/x/xerrors v0.0.0-20200804184101-5ec99f83aff1 h1:go1bK/D/BFZV2I8cIQd1NKEZ+0owSTG1fDTci4IqFcE=
google.golang.org/protobuf v1.26.0-rc.1/go.mod h1:jlhhOSvTdKEhbULTjvd4ARK9grFBp09yW+WbY/TyQbw=
google.golang.org/protobuf v1.30.0 h1:kPPoIgf3TsEvrm0PFe15JQ+570QVxYzEvvHqChK+cng=
google.golang.org/protobuf v1.30.0/go.mod h1:HV8QOd/L58Z+nl8r43ehVNZIU/HEI6OcFqwMG9pJV4I=
gopkg.in/check.v1 v0.0.0-20161208181325-20d25e280405/go.mod h1:Co6ibVJAznAaIkqp8huTwlJQCZ016jof/cbN4VW5Yz0=
gopkg.in/check.v1 v1.0.0-20180628173108-788fd7840127 h1:qIbj1fsPNlZgppZ+VLlY7N33q108Sa+fhmuc+sWQYwY=
gopkg.in/yaml.v2 v2.4.0 h1:D8xgwECY7CYvx+Y2n4sBz93Jn9JRvxdiyyo8CTfuKaY=
gopkg.in/yaml.v2 v2.4.0/go.mod h1:RDklbk79AGWmwhnvt/jBztapEOGDOx6ZbXqjP6csGnQ=
gopkg.in/yaml.v3 v3.0.1 h1:fxVm/GzAzEWqLHuvctI91KS9hhNmmWOoWu0XTYJS7CA=
gopkg.in/yaml.v3 v3.0.1/go.mod h1:K4uyk7z7BCEPqu6E+C64Yfv1cQ7kz7rIZviUmN+EgEM=
sigs.k8s.io/yaml v1.3.0 h1:a2VclLzOGrwOHDiV8EfBGhvjHvP46CtW5j6POvhYGGo=
sigs.k8s.io/yaml v1.3.0/go.mod h1:GeOyir5tyXNByN85N/dRIT9es5UQNerPYEKK56eTBm8=
